// !$*UTF8*$!
{
	archiveVersion = 1;
	classes = {
	};
	objectVersion = 56;
	objects = {

/* Begin PBXBuildFile section */
		1539880D051B8AA4909C70B1 /* Pods_Medical.framework in Frameworks */ = {isa = PBXBuildFile; fileRef = 87272424127838C9880882A0 /* Pods_Medical.framework */; };
		5667F4AC2DC765F700097EF1 /* DoctorDetailsView.swift in Sources */ = {isa = PBXBuildFile; fileRef = 5667F4AB2DC765F700097EF1 /* DoctorDetailsView.swift */; };
		56B630E62DB3D279009F8784 /* GoogleService-Info.plist in Resources */ = {isa = PBXBuildFile; fileRef = 56B630E52DB3D279009F8784 /* GoogleService-Info.plist */; };
		56BE98B52DBE33B70010C535 /* GetDoctorReservations.swift in Sources */ = {isa = PBXBuildFile; fileRef = 56BE98B42DBE33B70010C535 /* GetDoctorReservations.swift */; };
		CA018F912DA3D5B5008A6ADC /* DrHomeVC.swift in Sources */ = {isa = PBXBuildFile; fileRef = CA018F902DA3D5B5008A6ADC /* DrHomeVC.swift */; };
		CA0AC6872C9C59EE00618587 /* PatientProfileVC.swift in Sources */ = {isa = PBXBuildFile; fileRef = CA0AC6862C9C59ED00618587 /* PatientProfileVC.swift */; };
		CA0AC6892C9C5A0700618587 /* PatientProfileDataVC.swift in Sources */ = {isa = PBXBuildFile; fileRef = CA0AC6882C9C5A0700618587 /* PatientProfileDataVC.swift */; };
		CA0BC96B2C9079EA00909BAA /* AppDelegate.swift in Sources */ = {isa = PBXBuildFile; fileRef = CA0BC96A2C9079EA00909BAA /* AppDelegate.swift */; };
		CA0BC96D2C9079EA00909BAA /* SceneDelegate.swift in Sources */ = {isa = PBXBuildFile; fileRef = CA0BC96C2C9079EA00909BAA /* SceneDelegate.swift */; };
		CA0BC96F2C9079EA00909BAA /* HomeVC.swift in Sources */ = {isa = PBXBuildFile; fileRef = CA0BC96E2C9079EA00909BAA /* HomeVC.swift */; };
		CA0BC9742C9079EE00909BAA /* Assets.xcassets in Resources */ = {isa = PBXBuildFile; fileRef = CA0BC9732C9079EE00909BAA /* Assets.xcassets */; };
		CA0BC9772C9079EE00909BAA /* LaunchScreen.storyboard in Resources */ = {isa = PBXBuildFile; fileRef = CA0BC9752C9079EE00909BAA /* LaunchScreen.storyboard */; };
		CA0BC97F2C907A5C00909BAA /* Main.storyboard in Resources */ = {isa = PBXBuildFile; fileRef = CA0BC97E2C907A5C00909BAA /* Main.storyboard */; };
		CA0BC9812C907B4D00909BAA /* LoginVC.swift in Sources */ = {isa = PBXBuildFile; fileRef = CA0BC9802C907B4A00909BAA /* LoginVC.swift */; };
		CA0BC9832C907B6B00909BAA /* RegisterVC.swift in Sources */ = {isa = PBXBuildFile; fileRef = CA0BC9822C907B6A00909BAA /* RegisterVC.swift */; };
		CA0BC9892C907E2900909BAA /* ViewModel.swift in Sources */ = {isa = PBXBuildFile; fileRef = CA0BC9882C907E2900909BAA /* ViewModel.swift */; };
		CA0BC98D2C907ED000909BAA /* Utilities.swift in Sources */ = {isa = PBXBuildFile; fileRef = CA0BC98C2C907ED000909BAA /* Utilities.swift */; };
		CA0BC98F2C907F2800909BAA /* Model.swift in Sources */ = {isa = PBXBuildFile; fileRef = CA0BC98E2C907F2800909BAA /* Model.swift */; };
		CA0BC9952C90843D00909BAA /* DataServices.swift in Sources */ = {isa = PBXBuildFile; fileRef = CA0BC9942C90843D00909BAA /* DataServices.swift */; };
		CA2E9D322DAD365E003885E1 /* RoshetaScreen.swift in Sources */ = {isa = PBXBuildFile; fileRef = CA2E9D312DAD365E003885E1 /* RoshetaScreen.swift */; };
		CA3628912C999C440000A968 /* DrProfileDataVC.swift in Sources */ = {isa = PBXBuildFile; fileRef = CA3628902C999C440000A968 /* DrProfileDataVC.swift */; };
		CA393F662C996CFF00CA826A /* PatientsCollectionViewHandler.swift in Sources */ = {isa = PBXBuildFile; fileRef = CA393F652C996CFF00CA826A /* PatientsCollectionViewHandler.swift */; };
		CA393F682C996D3800CA826A /* PatientsCollectionViewCell.swift in Sources */ = {isa = PBXBuildFile; fileRef = CA393F672C996D3800CA826A /* PatientsCollectionViewCell.swift */; };
		CA393F6A2C996DCE00CA826A /* PatientsVC.swift in Sources */ = {isa = PBXBuildFile; fileRef = CA393F692C996DCE00CA826A /* PatientsVC.swift */; };
		CA393F6C2C99838A00CA826A /* PatientDataVC.swift in Sources */ = {isa = PBXBuildFile; fileRef = CA393F6B2C99838A00CA826A /* PatientDataVC.swift */; };
		CA3B85E32CA00A6000A1BF32 /* DrWorkingTimes.swift in Sources */ = {isa = PBXBuildFile; fileRef = CA3B85E22CA00A6000A1BF32 /* DrWorkingTimes.swift */; };
		CA3BECFC2DAFE9D100AA4680 /* RoshetaHistoryScreen.swift in Sources */ = {isa = PBXBuildFile; fileRef = CA3BECFB2DAFE9D100AA4680 /* RoshetaHistoryScreen.swift */; };
		CA3FD55B2C932E6100137533 /* DoctorsCollectionViewHandler.swift in Sources */ = {isa = PBXBuildFile; fileRef = CA3FD55A2C932E6100137533 /* DoctorsCollectionViewHandler.swift */; };
		CA5CE5EA2C9B16BF00668634 /* DrProfileVC.swift in Sources */ = {isa = PBXBuildFile; fileRef = CA5CE5E92C9B16BF00668634 /* DrProfileVC.swift */; };
		CA7643082DA3E6F100578CE0 /* DrHomeViewHandler.swift in Sources */ = {isa = PBXBuildFile; fileRef = CA7643072DA3E6F100578CE0 /* DrHomeViewHandler.swift */; };
		CA76430A2DA3E70200578CE0 /* DrHomeCell.swift in Sources */ = {isa = PBXBuildFile; fileRef = CA7643092DA3E70200578CE0 /* DrHomeCell.swift */; };
		CA81D2C12CAD6F33004B97A4 /* FirebaseAnalytics in Frameworks */ = {isa = PBXBuildFile; productRef = CA81D2C02CAD6F33004B97A4 /* FirebaseAnalytics */; };
		CA81D2C32CAD6F33004B97A4 /* FirebaseAnalyticsWithoutAdIdSupport in Frameworks */ = {isa = PBXBuildFile; productRef = CA81D2C22CAD6F33004B97A4 /* FirebaseAnalyticsWithoutAdIdSupport */; };
		CA9219A22C91C1FE00C6BB6A /* KeyChainHelper.swift in Sources */ = {isa = PBXBuildFile; fileRef = CA9219A12C91C1FE00C6BB6A /* KeyChainHelper.swift */; };
		CAA472622C92FD390034B1A9 /* DoctorsCollectionViewCell.swift in Sources */ = {isa = PBXBuildFile; fileRef = CAA472612C92FD390034B1A9 /* DoctorsCollectionViewCell.swift */; };
		CAD33FB32C9B98CF003BD190 /* DoctorDetailsVC.swift in Sources */ = {isa = PBXBuildFile; fileRef = CAD33FB22C9B98CF003BD190 /* DoctorDetailsVC.swift */; };
		CAE3863F2CA8682A0033A43B /* DateCollectionViewManager.swift in Sources */ = {isa = PBXBuildFile; fileRef = CAE3863E2CA8682A0033A43B /* DateCollectionViewManager.swift */; };
		CAE386412CA868890033A43B /* TimeCollectionViewManager.swift in Sources */ = {isa = PBXBuildFile; fileRef = CAE386402CA868890033A43B /* TimeCollectionViewManager.swift */; };
		CAE386432CA868F90033A43B /* DateCollectionViewCell.swift in Sources */ = {isa = PBXBuildFile; fileRef = CAE386422CA868F90033A43B /* DateCollectionViewCell.swift */; };
		CAE386452CA869450033A43B /* TimeCollectionViewCell.swift in Sources */ = {isa = PBXBuildFile; fileRef = CAE386442CA869450033A43B /* TimeCollectionViewCell.swift */; };
		CAEEB2FC2DA2700200DA4436 /* ExtensionsFile.swift in Sources */ = {isa = PBXBuildFile; fileRef = CAEEB2FB2DA2700200DA4436 /* ExtensionsFile.swift */; };
		CAEEB2FE2DA2710F00DA4436 /* HelperFunctions.swift in Sources */ = {isa = PBXBuildFile; fileRef = CAEEB2FD2DA2710F00DA4436 /* HelperFunctions.swift */; };
/* End PBXBuildFile section */

/* Begin PBXFileReference section */
		5667F4AB2DC765F700097EF1 /* DoctorDetailsView.swift */ = {isa = PBXFileReference; lastKnownFileType = sourcecode.swift; path = DoctorDetailsView.swift; sourceTree = "<group>"; };
		56B630E52DB3D279009F8784 /* GoogleService-Info.plist */ = {isa = PBXFileReference; lastKnownFileType = text.plist.xml; path = "GoogleService-Info.plist"; sourceTree = "<group>"; };
		56BE98B42DBE33B70010C535 /* GetDoctorReservations.swift */ = {isa = PBXFileReference; lastKnownFileType = sourcecode.swift; path = GetDoctorReservations.swift; sourceTree = "<group>"; };
		87272424127838C9880882A0 /* Pods_Medical.framework */ = {isa = PBXFileReference; explicitFileType = wrapper.framework; includeInIndex = 0; path = Pods_Medical.framework; sourceTree = BUILT_PRODUCTS_DIR; };
		89196EC9A3FF30746F55BEC1 /* Pods-Medical.debug.xcconfig */ = {isa = PBXFileReference; includeInIndex = 1; lastKnownFileType = text.xcconfig; name = "Pods-Medical.debug.xcconfig"; path = "Target Support Files/Pods-Medical/Pods-Medical.debug.xcconfig"; sourceTree = "<group>"; };
		CA018F902DA3D5B5008A6ADC /* DrHomeVC.swift */ = {isa = PBXFileReference; lastKnownFileType = sourcecode.swift; path = DrHomeVC.swift; sourceTree = "<group>"; };
		CA0AC6862C9C59ED00618587 /* PatientProfileVC.swift */ = {isa = PBXFileReference; lastKnownFileType = sourcecode.swift; path = PatientProfileVC.swift; sourceTree = "<group>"; };
		CA0AC6882C9C5A0700618587 /* PatientProfileDataVC.swift */ = {isa = PBXFileReference; lastKnownFileType = sourcecode.swift; path = PatientProfileDataVC.swift; sourceTree = "<group>"; };
		CA0BC9672C9079EA00909BAA /* Medical.app */ = {isa = PBXFileReference; explicitFileType = wrapper.application; includeInIndex = 0; path = Medical.app; sourceTree = BUILT_PRODUCTS_DIR; };
		CA0BC96A2C9079EA00909BAA /* AppDelegate.swift */ = {isa = PBXFileReference; lastKnownFileType = sourcecode.swift; path = AppDelegate.swift; sourceTree = "<group>"; };
		CA0BC96C2C9079EA00909BAA /* SceneDelegate.swift */ = {isa = PBXFileReference; lastKnownFileType = sourcecode.swift; path = SceneDelegate.swift; sourceTree = "<group>"; };
		CA0BC96E2C9079EA00909BAA /* HomeVC.swift */ = {isa = PBXFileReference; lastKnownFileType = sourcecode.swift; path = HomeVC.swift; sourceTree = "<group>"; };
		CA0BC9732C9079EE00909BAA /* Assets.xcassets */ = {isa = PBXFileReference; lastKnownFileType = folder.assetcatalog; path = Assets.xcassets; sourceTree = "<group>"; };
		CA0BC9762C9079EE00909BAA /* Base */ = {isa = PBXFileReference; lastKnownFileType = file.storyboard; name = Base; path = Base.lproj/LaunchScreen.storyboard; sourceTree = "<group>"; };
		CA0BC9782C9079EE00909BAA /* Info.plist */ = {isa = PBXFileReference; lastKnownFileType = text.plist.xml; path = Info.plist; sourceTree = "<group>"; };
		CA0BC97E2C907A5C00909BAA /* Main.storyboard */ = {isa = PBXFileReference; fileEncoding = 4; lastKnownFileType = file.storyboard; path = Main.storyboard; sourceTree = "<group>"; };
		CA0BC9802C907B4A00909BAA /* LoginVC.swift */ = {isa = PBXFileReference; fileEncoding = 4; lastKnownFileType = sourcecode.swift; path = LoginVC.swift; sourceTree = "<group>"; };
		CA0BC9822C907B6A00909BAA /* RegisterVC.swift */ = {isa = PBXFileReference; fileEncoding = 4; lastKnownFileType = sourcecode.swift; path = RegisterVC.swift; sourceTree = "<group>"; };
		CA0BC9882C907E2900909BAA /* ViewModel.swift */ = {isa = PBXFileReference; fileEncoding = 4; lastKnownFileType = sourcecode.swift; path = ViewModel.swift; sourceTree = "<group>"; };
		CA0BC98C2C907ED000909BAA /* Utilities.swift */ = {isa = PBXFileReference; fileEncoding = 4; lastKnownFileType = sourcecode.swift; path = Utilities.swift; sourceTree = "<group>"; };
		CA0BC98E2C907F2800909BAA /* Model.swift */ = {isa = PBXFileReference; fileEncoding = 4; lastKnownFileType = sourcecode.swift; path = Model.swift; sourceTree = "<group>"; };
		CA0BC9942C90843D00909BAA /* DataServices.swift */ = {isa = PBXFileReference; lastKnownFileType = sourcecode.swift; path = DataServices.swift; sourceTree = "<group>"; };
		CA2E9D312DAD365E003885E1 /* RoshetaScreen.swift */ = {isa = PBXFileReference; lastKnownFileType = sourcecode.swift; path = RoshetaScreen.swift; sourceTree = "<group>"; };
		CA3628902C999C440000A968 /* DrProfileDataVC.swift */ = {isa = PBXFileReference; lastKnownFileType = sourcecode.swift; path = DrProfileDataVC.swift; sourceTree = "<group>"; };
		CA393F652C996CFF00CA826A /* PatientsCollectionViewHandler.swift */ = {isa = PBXFileReference; lastKnownFileType = sourcecode.swift; path = PatientsCollectionViewHandler.swift; sourceTree = "<group>"; };
		CA393F672C996D3800CA826A /* PatientsCollectionViewCell.swift */ = {isa = PBXFileReference; lastKnownFileType = sourcecode.swift; path = PatientsCollectionViewCell.swift; sourceTree = "<group>"; };
		CA393F692C996DCE00CA826A /* PatientsVC.swift */ = {isa = PBXFileReference; lastKnownFileType = sourcecode.swift; path = PatientsVC.swift; sourceTree = "<group>"; };
		CA393F6B2C99838A00CA826A /* PatientDataVC.swift */ = {isa = PBXFileReference; lastKnownFileType = sourcecode.swift; path = PatientDataVC.swift; sourceTree = "<group>"; };
		CA3B85E22CA00A6000A1BF32 /* DrWorkingTimes.swift */ = {isa = PBXFileReference; lastKnownFileType = sourcecode.swift; path = DrWorkingTimes.swift; sourceTree = "<group>"; };
		CA3BECFB2DAFE9D100AA4680 /* RoshetaHistoryScreen.swift */ = {isa = PBXFileReference; lastKnownFileType = sourcecode.swift; path = RoshetaHistoryScreen.swift; sourceTree = "<group>"; };
		CA3FD55A2C932E6100137533 /* DoctorsCollectionViewHandler.swift */ = {isa = PBXFileReference; lastKnownFileType = sourcecode.swift; path = DoctorsCollectionViewHandler.swift; sourceTree = "<group>"; };
		CA5CE5E92C9B16BF00668634 /* DrProfileVC.swift */ = {isa = PBXFileReference; lastKnownFileType = sourcecode.swift; path = DrProfileVC.swift; sourceTree = "<group>"; };
		CA7643072DA3E6F100578CE0 /* DrHomeViewHandler.swift */ = {isa = PBXFileReference; lastKnownFileType = sourcecode.swift; path = DrHomeViewHandler.swift; sourceTree = "<group>"; };
		CA7643092DA3E70200578CE0 /* DrHomeCell.swift */ = {isa = PBXFileReference; lastKnownFileType = sourcecode.swift; path = DrHomeCell.swift; sourceTree = "<group>"; };
		CA9219A12C91C1FE00C6BB6A /* KeyChainHelper.swift */ = {isa = PBXFileReference; lastKnownFileType = sourcecode.swift; path = KeyChainHelper.swift; sourceTree = "<group>"; };
		CAA472612C92FD390034B1A9 /* DoctorsCollectionViewCell.swift */ = {isa = PBXFileReference; lastKnownFileType = sourcecode.swift; path = DoctorsCollectionViewCell.swift; sourceTree = "<group>"; };
		CAD33FB22C9B98CF003BD190 /* DoctorDetailsVC.swift */ = {isa = PBXFileReference; lastKnownFileType = sourcecode.swift; path = DoctorDetailsVC.swift; sourceTree = "<group>"; };
		CAE3863E2CA8682A0033A43B /* DateCollectionViewManager.swift */ = {isa = PBXFileReference; lastKnownFileType = sourcecode.swift; path = DateCollectionViewManager.swift; sourceTree = "<group>"; };
		CAE386402CA868890033A43B /* TimeCollectionViewManager.swift */ = {isa = PBXFileReference; lastKnownFileType = sourcecode.swift; path = TimeCollectionViewManager.swift; sourceTree = "<group>"; };
		CAE386422CA868F90033A43B /* DateCollectionViewCell.swift */ = {isa = PBXFileReference; lastKnownFileType = sourcecode.swift; path = DateCollectionViewCell.swift; sourceTree = "<group>"; };
		CAE386442CA869450033A43B /* TimeCollectionViewCell.swift */ = {isa = PBXFileReference; lastKnownFileType = sourcecode.swift; path = TimeCollectionViewCell.swift; sourceTree = "<group>"; };
		CAEEB2FB2DA2700200DA4436 /* ExtensionsFile.swift */ = {isa = PBXFileReference; lastKnownFileType = sourcecode.swift; path = ExtensionsFile.swift; sourceTree = "<group>"; };
		CAEEB2FD2DA2710F00DA4436 /* HelperFunctions.swift */ = {isa = PBXFileReference; lastKnownFileType = sourcecode.swift; path = HelperFunctions.swift; sourceTree = "<group>"; };
		CF5A6C2C339CDA1A3C032EFA /* Pods-Medical.release.xcconfig */ = {isa = PBXFileReference; includeInIndex = 1; lastKnownFileType = text.xcconfig; name = "Pods-Medical.release.xcconfig"; path = "Target Support Files/Pods-Medical/Pods-Medical.release.xcconfig"; sourceTree = "<group>"; };
/* End PBXFileReference section */

/* Begin PBXFrameworksBuildPhase section */
		CA0BC9642C9079EA00909BAA /* Frameworks */ = {
			isa = PBXFrameworksBuildPhase;
			buildActionMask = 2147483647;
			files = (
				CA81D2C12CAD6F33004B97A4 /* FirebaseAnalytics in Frameworks */,
				CA81D2C32CAD6F33004B97A4 /* FirebaseAnalyticsWithoutAdIdSupport in Frameworks */,
				1539880D051B8AA4909C70B1 /* Pods_Medical.framework in Frameworks */,
			);
			runOnlyForDeploymentPostprocessing = 0;
		};
/* End PBXFrameworksBuildPhase section */

/* Begin PBXGroup section */
		29EDC2E3AAD8334001486AD8 /* Pods */ = {
			isa = PBXGroup;
			children = (
				89196EC9A3FF30746F55BEC1 /* Pods-Medical.debug.xcconfig */,
				CF5A6C2C339CDA1A3C032EFA /* Pods-Medical.release.xcconfig */,
			);
			path = Pods;
			sourceTree = "<group>";
		};
		73905FFD2509FF1AAD218E0B /* Frameworks */ = {
			isa = PBXGroup;
			children = (
				87272424127838C9880882A0 /* Pods_Medical.framework */,
			);
			name = Frameworks;
			sourceTree = "<group>";
		};
		CA0BC95E2C9079EA00909BAA = {
			isa = PBXGroup;
			children = (
				CA0BC9692C9079EA00909BAA /* Medical */,
				CA0BC9682C9079EA00909BAA /* Products */,
				29EDC2E3AAD8334001486AD8 /* Pods */,
				73905FFD2509FF1AAD218E0B /* Frameworks */,
			);
			sourceTree = "<group>";
		};
		CA0BC9682C9079EA00909BAA /* Products */ = {
			isa = PBXGroup;
			children = (
				CA0BC9672C9079EA00909BAA /* Medical.app */,
			);
			name = Products;
			sourceTree = "<group>";
		};
		CA0BC9692C9079EA00909BAA /* Medical */ = {
			isa = PBXGroup;
			children = (
				56B630E52DB3D279009F8784 /* GoogleService-Info.plist */,
				CA2E9D302DAD361E003885E1 /* swiftUiScreens */,
				CA3FD55C2C932F7100137533 /* collectionView */,
				CA0BC9932C907FFC00909BAA /* storyBoard */,
				CA0BC9842C907B7300909BAA /* controller */,
				CA0BC9902C907F5500909BAA /* apiHandling */,
				CA0BC9872C907E0C00909BAA /* viewModel */,
				CA0BC98A2C907E4200909BAA /* HelperClasses */,
				CA0BC98B2C907E7200909BAA /* model */,
				CA0BC96A2C9079EA00909BAA /* AppDelegate.swift */,
				CA0BC96C2C9079EA00909BAA /* SceneDelegate.swift */,
				CA0BC9732C9079EE00909BAA /* Assets.xcassets */,
				CA0BC9782C9079EE00909BAA /* Info.plist */,
			);
			path = Medical;
			sourceTree = "<group>";
		};
		CA0BC9842C907B7300909BAA /* controller */ = {
			isa = PBXGroup;
			children = (
				CA5CE5EB2C9B16C900668634 /* profile */,
				CA0BC9822C907B6A00909BAA /* RegisterVC.swift */,
				CA0BC9802C907B4A00909BAA /* LoginVC.swift */,
				CA0BC96E2C9079EA00909BAA /* HomeVC.swift */,
				CA393F692C996DCE00CA826A /* PatientsVC.swift */,
				CA393F6B2C99838A00CA826A /* PatientDataVC.swift */,
				CAD33FB22C9B98CF003BD190 /* DoctorDetailsVC.swift */,
				CA3B85E22CA00A6000A1BF32 /* DrWorkingTimes.swift */,
				CA018F902DA3D5B5008A6ADC /* DrHomeVC.swift */,
			);
			path = controller;
			sourceTree = "<group>";
		};
		CA0BC9872C907E0C00909BAA /* viewModel */ = {
			isa = PBXGroup;
			children = (
				CA0BC9882C907E2900909BAA /* ViewModel.swift */,
			);
			path = viewModel;
			sourceTree = "<group>";
		};
		CA0BC98A2C907E4200909BAA /* HelperClasses */ = {
			isa = PBXGroup;
			children = (
				CA0BC98C2C907ED000909BAA /* Utilities.swift */,
				CA9219A12C91C1FE00C6BB6A /* KeyChainHelper.swift */,
				CAEEB2FB2DA2700200DA4436 /* ExtensionsFile.swift */,
				CAEEB2FD2DA2710F00DA4436 /* HelperFunctions.swift */,
			);
			path = HelperClasses;
			sourceTree = "<group>";
		};
		CA0BC98B2C907E7200909BAA /* model */ = {
			isa = PBXGroup;
			children = (
				CA0BC98E2C907F2800909BAA /* Model.swift */,
			);
			path = model;
			sourceTree = "<group>";
		};
		CA0BC9902C907F5500909BAA /* apiHandling */ = {
			isa = PBXGroup;
			children = (
				CA0BC9942C90843D00909BAA /* DataServices.swift */,
			);
			path = apiHandling;
			sourceTree = "<group>";
		};
		CA0BC9932C907FFC00909BAA /* storyBoard */ = {
			isa = PBXGroup;
			children = (
				CA0BC97E2C907A5C00909BAA /* Main.storyboard */,
				CA0BC9752C9079EE00909BAA /* LaunchScreen.storyboard */,
			);
			path = storyBoard;
			sourceTree = "<group>";
		};
		CA2E9D302DAD361E003885E1 /* swiftUiScreens */ = {
			isa = PBXGroup;
			children = (
				5667F4AB2DC765F700097EF1 /* DoctorDetailsView.swift */,
				CA2E9D312DAD365E003885E1 /* RoshetaScreen.swift */,
				CA3BECFB2DAFE9D100AA4680 /* RoshetaHistoryScreen.swift */,
				56BE98B42DBE33B70010C535 /* GetDoctorReservations.swift */,
			);
			path = swiftUiScreens;
			sourceTree = "<group>";
		};
		CA393F642C996C7600CA826A /* patientsCVclasses */ = {
			isa = PBXGroup;
			children = (
				CA393F652C996CFF00CA826A /* PatientsCollectionViewHandler.swift */,
				CA393F672C996D3800CA826A /* PatientsCollectionViewCell.swift */,
			);
			path = patientsCVclasses;
			sourceTree = "<group>";
		};
		CA3FD55C2C932F7100137533 /* collectionView */ = {
			isa = PBXGroup;
			children = (
				CA7643062DA3E6AA00578CE0 /* DrHomeClasses */,
				CAE3863D2CA867C90033A43B /* bookingCvManager */,
				CA393F642C996C7600CA826A /* patientsCVclasses */,
				CA3FD55D2C932F8300137533 /* drsCvClasses */,
			);
			path = collectionView;
			sourceTree = "<group>";
		};
		CA3FD55D2C932F8300137533 /* drsCvClasses */ = {
			isa = PBXGroup;
			children = (
				CA3FD55A2C932E6100137533 /* DoctorsCollectionViewHandler.swift */,
				CAA472612C92FD390034B1A9 /* DoctorsCollectionViewCell.swift */,
			);
			path = drsCvClasses;
			sourceTree = "<group>";
		};
		CA5CE5EB2C9B16C900668634 /* profile */ = {
			isa = PBXGroup;
			children = (
				CA5CE5E92C9B16BF00668634 /* DrProfileVC.swift */,
				CA3628902C999C440000A968 /* DrProfileDataVC.swift */,
				CA0AC6862C9C59ED00618587 /* PatientProfileVC.swift */,
				CA0AC6882C9C5A0700618587 /* PatientProfileDataVC.swift */,
			);
			path = profile;
			sourceTree = "<group>";
		};
		CA7643062DA3E6AA00578CE0 /* DrHomeClasses */ = {
			isa = PBXGroup;
			children = (
				CA7643072DA3E6F100578CE0 /* DrHomeViewHandler.swift */,
				CA7643092DA3E70200578CE0 /* DrHomeCell.swift */,
			);
			path = DrHomeClasses;
			sourceTree = "<group>";
		};
		CAE3863D2CA867C90033A43B /* bookingCvManager */ = {
			isa = PBXGroup;
			children = (
				CAE3863E2CA8682A0033A43B /* DateCollectionViewManager.swift */,
				CAE386402CA868890033A43B /* TimeCollectionViewManager.swift */,
				CAE386422CA868F90033A43B /* DateCollectionViewCell.swift */,
				CAE386442CA869450033A43B /* TimeCollectionViewCell.swift */,
			);
			path = bookingCvManager;
			sourceTree = "<group>";
		};
/* End PBXGroup section */

/* Begin PBXNativeTarget section */
		CA0BC9662C9079EA00909BAA /* Medical */ = {
			isa = PBXNativeTarget;
			buildConfigurationList = CA0BC97B2C9079EE00909BAA /* Build configuration list for PBXNativeTarget "Medical" */;
			buildPhases = (
				1BFCE52E020DE30C41908C90 /* [CP] Check Pods Manifest.lock */,
				CA0BC9632C9079EA00909BAA /* Sources */,
				CA0BC9642C9079EA00909BAA /* Frameworks */,
				CA0BC9652C9079EA00909BAA /* Resources */,
				2A7BAD9ECC891B8E64839363 /* [CP] Embed Pods Frameworks */,
			);
			buildRules = (
			);
			dependencies = (
			);
			name = Medical;
			packageProductDependencies = (
				CA81D2C02CAD6F33004B97A4 /* FirebaseAnalytics */,
				CA81D2C22CAD6F33004B97A4 /* FirebaseAnalyticsWithoutAdIdSupport */,
			);
			productName = Medical;
			productReference = CA0BC9672C9079EA00909BAA /* Medical.app */;
			productType = "com.apple.product-type.application";
		};
/* End PBXNativeTarget section */

/* Begin PBXProject section */
		CA0BC95F2C9079EA00909BAA /* Project object */ = {
			isa = PBXProject;
			attributes = {
				BuildIndependentTargetsInParallel = 1;
				LastSwiftUpdateCheck = 1420;
				LastUpgradeCheck = 1420;
				TargetAttributes = {
					CA0BC9662C9079EA00909BAA = {
						CreatedOnToolsVersion = 14.2;
					};
				};
			};
			buildConfigurationList = CA0BC9622C9079EA00909BAA /* Build configuration list for PBXProject "Medical" */;
			compatibilityVersion = "Xcode 14.0";
			developmentRegion = en;
			hasScannedForEncodings = 0;
			knownRegions = (
				en,
				Base,
			);
			mainGroup = CA0BC95E2C9079EA00909BAA;
			packageReferences = (
				CA81D2BF2CAD6F33004B97A4 /* XCRemoteSwiftPackageReference "firebase-ios-sdk" */,
			);
			productRefGroup = CA0BC9682C9079EA00909BAA /* Products */;
			projectDirPath = "";
			projectRoot = "";
			targets = (
				CA0BC9662C9079EA00909BAA /* Medical */,
			);
		};
/* End PBXProject section */

/* Begin PBXResourcesBuildPhase section */
		CA0BC9652C9079EA00909BAA /* Resources */ = {
			isa = PBXResourcesBuildPhase;
			buildActionMask = 2147483647;
			files = (
				CA0BC9772C9079EE00909BAA /* LaunchScreen.storyboard in Resources */,
				56B630E62DB3D279009F8784 /* GoogleService-Info.plist in Resources */,
				CA0BC9742C9079EE00909BAA /* Assets.xcassets in Resources */,
				CA0BC97F2C907A5C00909BAA /* Main.storyboard in Resources */,
			);
			runOnlyForDeploymentPostprocessing = 0;
		};
/* End PBXResourcesBuildPhase section */

/* Begin PBXShellScriptBuildPhase section */
		1BFCE52E020DE30C41908C90 /* [CP] Check Pods Manifest.lock */ = {
			isa = PBXShellScriptBuildPhase;
			buildActionMask = 2147483647;
			files = (
			);
			inputFileListPaths = (
			);
			inputPaths = (
				"${PODS_PODFILE_DIR_PATH}/Podfile.lock",
				"${PODS_ROOT}/Manifest.lock",
			);
			name = "[CP] Check Pods Manifest.lock";
			outputFileListPaths = (
			);
			outputPaths = (
				"$(DERIVED_FILE_DIR)/Pods-Medical-checkManifestLockResult.txt",
			);
			runOnlyForDeploymentPostprocessing = 0;
			shellPath = /bin/sh;
			shellScript = "diff \"${PODS_PODFILE_DIR_PATH}/Podfile.lock\" \"${PODS_ROOT}/Manifest.lock\" > /dev/null\nif [ $? != 0 ] ; then\n    # print error to STDERR\n    echo \"error: The sandbox is not in sync with the Podfile.lock. Run 'pod install' or update your CocoaPods installation.\" >&2\n    exit 1\nfi\n# This output is used by Xcode 'outputs' to avoid re-running this script phase.\necho \"SUCCESS\" > \"${SCRIPT_OUTPUT_FILE_0}\"\n";
			showEnvVarsInLog = 0;
		};
		2A7BAD9ECC891B8E64839363 /* [CP] Embed Pods Frameworks */ = {
			isa = PBXShellScriptBuildPhase;
			buildActionMask = 2147483647;
			files = (
			);
			inputFileListPaths = (
				"${PODS_ROOT}/Target Support Files/Pods-Medical/Pods-Medical-frameworks-${CONFIGURATION}-input-files.xcfilelist",
			);
			inputPaths = (
			);
			name = "[CP] Embed Pods Frameworks";
			outputFileListPaths = (
				"${PODS_ROOT}/Target Support Files/Pods-Medical/Pods-Medical-frameworks-${CONFIGURATION}-output-files.xcfilelist",
			);
			outputPaths = (
			);
			runOnlyForDeploymentPostprocessing = 0;
			shellPath = /bin/sh;
			shellScript = "\"${PODS_ROOT}/Target Support Files/Pods-Medical/Pods-Medical-frameworks.sh\"\n";
			showEnvVarsInLog = 0;
		};
/* End PBXShellScriptBuildPhase section */

/* Begin PBXSourcesBuildPhase section */
		CA0BC9632C9079EA00909BAA /* Sources */ = {
			isa = PBXSourcesBuildPhase;
			buildActionMask = 2147483647;
			files = (
				CA393F662C996CFF00CA826A /* PatientsCollectionViewHandler.swift in Sources */,
				CA3FD55B2C932E6100137533 /* DoctorsCollectionViewHandler.swift in Sources */,
				CAE3863F2CA8682A0033A43B /* DateCollectionViewManager.swift in Sources */,
				CA393F682C996D3800CA826A /* PatientsCollectionViewCell.swift in Sources */,
				CA2E9D322DAD365E003885E1 /* RoshetaScreen.swift in Sources */,
				CA393F6A2C996DCE00CA826A /* PatientsVC.swift in Sources */,
				CA76430A2DA3E70200578CE0 /* DrHomeCell.swift in Sources */,
				CAD33FB32C9B98CF003BD190 /* DoctorDetailsVC.swift in Sources */,
				CA0BC98F2C907F2800909BAA /* Model.swift in Sources */,
				CA9219A22C91C1FE00C6BB6A /* KeyChainHelper.swift in Sources */,
				CA393F6C2C99838A00CA826A /* PatientDataVC.swift in Sources */,
				CAE386432CA868F90033A43B /* DateCollectionViewCell.swift in Sources */,
				CAA472622C92FD390034B1A9 /* DoctorsCollectionViewCell.swift in Sources */,
				CA0BC96F2C9079EA00909BAA /* HomeVC.swift in Sources */,
				CAE386412CA868890033A43B /* TimeCollectionViewManager.swift in Sources */,
				CA0BC96B2C9079EA00909BAA /* AppDelegate.swift in Sources */,
				CAEEB2FC2DA2700200DA4436 /* ExtensionsFile.swift in Sources */,
				CA3628912C999C440000A968 /* DrProfileDataVC.swift in Sources */,
				CA3B85E32CA00A6000A1BF32 /* DrWorkingTimes.swift in Sources */,
				CA0BC9812C907B4D00909BAA /* LoginVC.swift in Sources */,
				CA0BC9952C90843D00909BAA /* DataServices.swift in Sources */,
				CA0AC6892C9C5A0700618587 /* PatientProfileDataVC.swift in Sources */,
				CAE386452CA869450033A43B /* TimeCollectionViewCell.swift in Sources */,
				CAEEB2FE2DA2710F00DA4436 /* HelperFunctions.swift in Sources */,
				CA018F912DA3D5B5008A6ADC /* DrHomeVC.swift in Sources */,
				CA0BC96D2C9079EA00909BAA /* SceneDelegate.swift in Sources */,
				CA7643082DA3E6F100578CE0 /* DrHomeViewHandler.swift in Sources */,
				CA0BC9832C907B6B00909BAA /* RegisterVC.swift in Sources */,
				CA0AC6872C9C59EE00618587 /* PatientProfileVC.swift in Sources */,
				CA3BECFC2DAFE9D100AA4680 /* RoshetaHistoryScreen.swift in Sources */,
				CA0BC98D2C907ED000909BAA /* Utilities.swift in Sources */,
				CA5CE5EA2C9B16BF00668634 /* DrProfileVC.swift in Sources */,
				5667F4AC2DC765F700097EF1 /* DoctorDetailsView.swift in Sources */,
				56BE98B52DBE33B70010C535 /* GetDoctorReservations.swift in Sources */,
				CA0BC9892C907E2900909BAA /* ViewModel.swift in Sources */,
			);
			runOnlyForDeploymentPostprocessing = 0;
		};
/* End PBXSourcesBuildPhase section */

/* Begin PBXVariantGroup section */
		CA0BC9752C9079EE00909BAA /* LaunchScreen.storyboard */ = {
			isa = PBXVariantGroup;
			children = (
				CA0BC9762C9079EE00909BAA /* Base */,
			);
			name = LaunchScreen.storyboard;
			sourceTree = "<group>";
		};
/* End PBXVariantGroup section */

/* Begin XCBuildConfiguration section */
		CA0BC9792C9079EE00909BAA /* Debug */ = {
			isa = XCBuildConfiguration;
			buildSettings = {
				ALWAYS_SEARCH_USER_PATHS = NO;
				CLANG_ANALYZER_NONNULL = YES;
				CLANG_ANALYZER_NUMBER_OBJECT_CONVERSION = YES_AGGRESSIVE;
				CLANG_CXX_LANGUAGE_STANDARD = "gnu++20";
				CLANG_ENABLE_MODULES = YES;
				CLANG_ENABLE_OBJC_ARC = YES;
				CLANG_ENABLE_OBJC_WEAK = YES;
				CLANG_WARN_BLOCK_CAPTURE_AUTORELEASING = YES;
				CLANG_WARN_BOOL_CONVERSION = YES;
				CLANG_WARN_COMMA = YES;
				CLANG_WARN_CONSTANT_CONVERSION = YES;
				CLANG_WARN_DEPRECATED_OBJC_IMPLEMENTATIONS = YES;
				CLANG_WARN_DIRECT_OBJC_ISA_USAGE = YES_ERROR;
				CLANG_WARN_DOCUMENTATION_COMMENTS = YES;
				CLANG_WARN_EMPTY_BODY = YES;
				CLANG_WARN_ENUM_CONVERSION = YES;
				CLANG_WARN_INFINITE_RECURSION = YES;
				CLANG_WARN_INT_CONVERSION = YES;
				CLANG_WARN_NON_LITERAL_NULL_CONVERSION = YES;
				CLANG_WARN_OBJC_IMPLICIT_RETAIN_SELF = YES;
				CLANG_WARN_OBJC_LITERAL_CONVERSION = YES;
				CLANG_WARN_OBJC_ROOT_CLASS = YES_ERROR;
				CLANG_WARN_QUOTED_INCLUDE_IN_FRAMEWORK_HEADER = YES;
				CLANG_WARN_RANGE_LOOP_ANALYSIS = YES;
				CLANG_WARN_STRICT_PROTOTYPES = YES;
				CLANG_WARN_SUSPICIOUS_MOVE = YES;
				CLANG_WARN_UNGUARDED_AVAILABILITY = YES_AGGRESSIVE;
				CLANG_WARN_UNREACHABLE_CODE = YES;
				CLANG_WARN__DUPLICATE_METHOD_MATCH = YES;
				COPY_PHASE_STRIP = NO;
				DEBUG_INFORMATION_FORMAT = dwarf;
				ENABLE_STRICT_OBJC_MSGSEND = YES;
				ENABLE_TESTABILITY = YES;
				GCC_C_LANGUAGE_STANDARD = gnu11;
				GCC_DYNAMIC_NO_PIC = NO;
				GCC_NO_COMMON_BLOCKS = YES;
				GCC_OPTIMIZATION_LEVEL = 0;
				GCC_PREPROCESSOR_DEFINITIONS = (
					"DEBUG=1",
					"$(inherited)",
				);
				GCC_WARN_64_TO_32_BIT_CONVERSION = YES;
				GCC_WARN_ABOUT_RETURN_TYPE = YES_ERROR;
				GCC_WARN_UNDECLARED_SELECTOR = YES;
				GCC_WARN_UNINITIALIZED_AUTOS = YES_AGGRESSIVE;
				GCC_WARN_UNUSED_FUNCTION = YES;
				GCC_WARN_UNUSED_VARIABLE = YES;
				IPHONEOS_DEPLOYMENT_TARGET = 16.2;
				MTL_ENABLE_DEBUG_INFO = INCLUDE_SOURCE;
				MTL_FAST_MATH = YES;
				ONLY_ACTIVE_ARCH = YES;
				SDKROOT = iphoneos;
				SWIFT_ACTIVE_COMPILATION_CONDITIONS = DEBUG;
				SWIFT_OPTIMIZATION_LEVEL = "-Onone";
			};
			name = Debug;
		};
		CA0BC97A2C9079EE00909BAA /* Release */ = {
			isa = XCBuildConfiguration;
			buildSettings = {
				ALWAYS_SEARCH_USER_PATHS = NO;
				CLANG_ANALYZER_NONNULL = YES;
				CLANG_ANALYZER_NUMBER_OBJECT_CONVERSION = YES_AGGRESSIVE;
				CLANG_CXX_LANGUAGE_STANDARD = "gnu++20";
				CLANG_ENABLE_MODULES = YES;
				CLANG_ENABLE_OBJC_ARC = YES;
				CLANG_ENABLE_OBJC_WEAK = YES;
				CLANG_WARN_BLOCK_CAPTURE_AUTORELEASING = YES;
				CLANG_WARN_BOOL_CONVERSION = YES;
				CLANG_WARN_COMMA = YES;
				CLANG_WARN_CONSTANT_CONVERSION = YES;
				CLANG_WARN_DEPRECATED_OBJC_IMPLEMENTATIONS = YES;
				CLANG_WARN_DIRECT_OBJC_ISA_USAGE = YES_ERROR;
				CLANG_WARN_DOCUMENTATION_COMMENTS = YES;
				CLANG_WARN_EMPTY_BODY = YES;
				CLANG_WARN_ENUM_CONVERSION = YES;
				CLANG_WARN_INFINITE_RECURSION = YES;
				CLANG_WARN_INT_CONVERSION = YES;
				CLANG_WARN_NON_LITERAL_NULL_CONVERSION = YES;
				CLANG_WARN_OBJC_IMPLICIT_RETAIN_SELF = YES;
				CLANG_WARN_OBJC_LITERAL_CONVERSION = YES;
				CLANG_WARN_OBJC_ROOT_CLASS = YES_ERROR;
				CLANG_WARN_QUOTED_INCLUDE_IN_FRAMEWORK_HEADER = YES;
				CLANG_WARN_RANGE_LOOP_ANALYSIS = YES;
				CLANG_WARN_STRICT_PROTOTYPES = YES;
				CLANG_WARN_SUSPICIOUS_MOVE = YES;
				CLANG_WARN_UNGUARDED_AVAILABILITY = YES_AGGRESSIVE;
				CLANG_WARN_UNREACHABLE_CODE = YES;
				CLANG_WARN__DUPLICATE_METHOD_MATCH = YES;
				COPY_PHASE_STRIP = NO;
				DEBUG_INFORMATION_FORMAT = "dwarf-with-dsym";
				ENABLE_NS_ASSERTIONS = NO;
				ENABLE_STRICT_OBJC_MSGSEND = YES;
				GCC_C_LANGUAGE_STANDARD = gnu11;
				GCC_NO_COMMON_BLOCKS = YES;
				GCC_WARN_64_TO_32_BIT_CONVERSION = YES;
				GCC_WARN_ABOUT_RETURN_TYPE = YES_ERROR;
				GCC_WARN_UNDECLARED_SELECTOR = YES;
				GCC_WARN_UNINITIALIZED_AUTOS = YES_AGGRESSIVE;
				GCC_WARN_UNUSED_FUNCTION = YES;
				GCC_WARN_UNUSED_VARIABLE = YES;
				IPHONEOS_DEPLOYMENT_TARGET = 16.2;
				MTL_ENABLE_DEBUG_INFO = NO;
				MTL_FAST_MATH = YES;
				SDKROOT = iphoneos;
				SWIFT_COMPILATION_MODE = wholemodule;
				SWIFT_OPTIMIZATION_LEVEL = "-O";
				VALIDATE_PRODUCT = YES;
			};
			name = Release;
		};
		CA0BC97C2C9079EE00909BAA /* Debug */ = {
			isa = XCBuildConfiguration;
			baseConfigurationReference = 89196EC9A3FF30746F55BEC1 /* Pods-Medical.debug.xcconfig */;
			buildSettings = {
				ASSETCATALOG_COMPILER_APPICON_NAME = AppIcon;
				ASSETCATALOG_COMPILER_GLOBAL_ACCENT_COLOR_NAME = AccentColor;
				CODE_SIGN_IDENTITY = "Apple Development";
				CODE_SIGN_STYLE = Automatic;
				CURRENT_PROJECT_VERSION = 1;
				DEVELOPMENT_TEAM = S43G3TT63L;
				GENERATE_INFOPLIST_FILE = YES;
				INFOPLIST_FILE = Medical/Info.plist;
				INFOPLIST_KEY_LSApplicationCategoryType = "";
				INFOPLIST_KEY_UIApplicationSupportsIndirectInputEvents = YES;
				INFOPLIST_KEY_UILaunchStoryboardName = LaunchScreen;
				INFOPLIST_KEY_UIMainStoryboardFile = Main;
				INFOPLIST_KEY_UIStatusBarStyle = "";
				INFOPLIST_KEY_UISupportedInterfaceOrientations_iPad = "UIInterfaceOrientationPortrait UIInterfaceOrientationPortraitUpsideDown UIInterfaceOrientationLandscapeLeft UIInterfaceOrientationLandscapeRight";
				INFOPLIST_KEY_UISupportedInterfaceOrientations_iPhone = "UIInterfaceOrientationPortrait UIInterfaceOrientationLandscapeLeft UIInterfaceOrientationLandscapeRight";
				IPHONEOS_DEPLOYMENT_TARGET = 16;
				LD_RUNPATH_SEARCH_PATHS = (
					"$(inherited)",
					"@executable_path/Frameworks",
				);
				MARKETING_VERSION = 1.0;
				PRODUCT_BUNDLE_IDENTIFIER = a1flothers.com.Medical;
				PRODUCT_NAME = "$(TARGET_NAME)";
				PROVISIONING_PROFILE_SPECIFIER = "";
				SWIFT_EMIT_LOC_STRINGS = YES;
				SWIFT_VERSION = 5.0;
				TARGETED_DEVICE_FAMILY = "1,2";
			};
			name = Debug;
		};
		CA0BC97D2C9079EE00909BAA /* Release */ = {
			isa = XCBuildConfiguration;
			baseConfigurationReference = CF5A6C2C339CDA1A3C032EFA /* Pods-Medical.release.xcconfig */;
			buildSettings = {
				ASSETCATALOG_COMPILER_APPICON_NAME = AppIcon;
				ASSETCATALOG_COMPILER_GLOBAL_ACCENT_COLOR_NAME = AccentColor;
				CODE_SIGN_IDENTITY = "Apple Development";
				CODE_SIGN_STYLE = Automatic;
				CURRENT_PROJECT_VERSION = 1;
				DEVELOPMENT_TEAM = S43G3TT63L;
				GENERATE_INFOPLIST_FILE = YES;
				INFOPLIST_FILE = Medical/Info.plist;
				INFOPLIST_KEY_LSApplicationCategoryType = "";
				INFOPLIST_KEY_UIApplicationSupportsIndirectInputEvents = YES;
				INFOPLIST_KEY_UILaunchStoryboardName = LaunchScreen;
				INFOPLIST_KEY_UIMainStoryboardFile = Main;
				INFOPLIST_KEY_UIStatusBarStyle = "";
				INFOPLIST_KEY_UISupportedInterfaceOrientations_iPad = "UIInterfaceOrientationPortrait UIInterfaceOrientationPortraitUpsideDown UIInterfaceOrientationLandscapeLeft UIInterfaceOrientationLandscapeRight";
				INFOPLIST_KEY_UISupportedInterfaceOrientations_iPhone = "UIInterfaceOrientationPortrait UIInterfaceOrientationLandscapeLeft UIInterfaceOrientationLandscapeRight";
				IPHONEOS_DEPLOYMENT_TARGET = 16;
				LD_RUNPATH_SEARCH_PATHS = (
					"$(inherited)",
					"@executable_path/Frameworks",
				);
				MARKETING_VERSION = 1.0;
				PRODUCT_BUNDLE_IDENTIFIER = a1flothers.com.Medical;
				PRODUCT_NAME = "$(TARGET_NAME)";
				PROVISIONING_PROFILE_SPECIFIER = "";
				SWIFT_EMIT_LOC_STRINGS = YES;
				SWIFT_VERSION = 5.0;
				TARGETED_DEVICE_FAMILY = "1,2";
			};
			name = Release;
		};
/* End XCBuildConfiguration section */

/* Begin XCConfigurationList section */
		CA0BC9622C9079EA00909BAA /* Build configuration list for PBXProject "Medical" */ = {
			isa = XCConfigurationList;
			buildConfigurations = (
				CA0BC9792C9079EE00909BAA /* Debug */,
				CA0BC97A2C9079EE00909BAA /* Release */,
			);
			defaultConfigurationIsVisible = 0;
			defaultConfigurationName = Release;
		};
		CA0BC97B2C9079EE00909BAA /* Build configuration list for PBXNativeTarget "Medical" */ = {
			isa = XCConfigurationList;
			buildConfigurations = (
				CA0BC97C2C9079EE00909BAA /* Debug */,
				CA0BC97D2C9079EE00909BAA /* Release */,
			);
			defaultConfigurationIsVisible = 0;
			defaultConfigurationName = Release;
		};
/* End XCConfigurationList section */

/* Begin XCRemoteSwiftPackageReference section */
		CA81D2BF2CAD6F33004B97A4 /* XCRemoteSwiftPackageReference "firebase-ios-sdk" */ = {
			isa = XCRemoteSwiftPackageReference;
			repositoryURL = "https://github.com/firebase/firebase-ios-sdk";
			requirement = {
				kind = upToNextMajorVersion;
				minimumVersion = 9.0.0;
			};
		};
/* End XCRemoteSwiftPackageReference section */

/* Begin XCSwiftPackageProductDependency section */
		CA81D2C02CAD6F33004B97A4 /* FirebaseAnalytics */ = {
			isa = XCSwiftPackageProductDependency;
			package = CA81D2BF2CAD6F33004B97A4 /* XCRemoteSwiftPackageReference "firebase-ios-sdk" */;
			productName = FirebaseAnalytics;
		};
		CA81D2C22CAD6F33004B97A4 /* FirebaseAnalyticsWithoutAdIdSupport */ = {
			isa = XCSwiftPackageProductDependency;
			package = CA81D2BF2CAD6F33004B97A4 /* XCRemoteSwiftPackageReference "firebase-ios-sdk" */;
			productName = FirebaseAnalyticsWithoutAdIdSupport;
		};
/* End XCSwiftPackageProductDependency section */
	};
	rootObject = CA0BC95F2C9079EA00909BAA /* Project object */;
}
